// !$*UTF8*$!
{
	archiveVersion = 1;
	classes = {
	};
	objectVersion = 50;
	objects = {

/* Begin PBXBuildFile section */
		498D1025254E6E0400717337 /* APIResult.swift in Sources */ = {isa = PBXBuildFile; fileRef = 498D1024254E6E0400717337 /* APIResult.swift */; };
		498D102A254E727500717337 /* APIItem.swift in Sources */ = {isa = PBXBuildFile; fileRef = 498D1029254E727500717337 /* APIItem.swift */; };
		498D1033254EA45D00717337 /* ResultTableViewCell.swift in Sources */ = {isa = PBXBuildFile; fileRef = 498D1031254EA45D00717337 /* ResultTableViewCell.swift */; };
		498D1034254EA45D00717337 /* ResultTableViewCell.xib in Resources */ = {isa = PBXBuildFile; fileRef = 498D1032254EA45D00717337 /* ResultTableViewCell.xib */; };
		49F9148A254E462400414911 /* AppDelegate.swift in Sources */ = {isa = PBXBuildFile; fileRef = 49F91489254E462400414911 /* AppDelegate.swift */; };
		49F9148C254E462400414911 /* SceneDelegate.swift in Sources */ = {isa = PBXBuildFile; fileRef = 49F9148B254E462400414911 /* SceneDelegate.swift */; };
		49F9148E254E462400414911 /* MainViewController.swift in Sources */ = {isa = PBXBuildFile; fileRef = 49F9148D254E462400414911 /* MainViewController.swift */; };
		49F91491254E462400414911 /* Main.storyboard in Resources */ = {isa = PBXBuildFile; fileRef = 49F9148F254E462400414911 /* Main.storyboard */; };
		49F91494254E462400414911 /* Demo.xcdatamodeld in Sources */ = {isa = PBXBuildFile; fileRef = 49F91492254E462400414911 /* Demo.xcdatamodeld */; };
		49F91496254E462500414911 /* Assets.xcassets in Resources */ = {isa = PBXBuildFile; fileRef = 49F91495254E462500414911 /* Assets.xcassets */; };
		49F91499254E462500414911 /* LaunchScreen.storyboard in Resources */ = {isa = PBXBuildFile; fileRef = 49F91497254E462500414911 /* LaunchScreen.storyboard */; };
		49F914A4254E462500414911 /* DemoTests.swift in Sources */ = {isa = PBXBuildFile; fileRef = 49F914A3254E462500414911 /* DemoTests.swift */; };
		49F914AF254E462500414911 /* DemoUITests.swift in Sources */ = {isa = PBXBuildFile; fileRef = 49F914AE254E462500414911 /* DemoUITests.swift */; };
		49FDFAD5254E4C32004A9B58 /* HistoryViewController.swift in Sources */ = {isa = PBXBuildFile; fileRef = 49FDFAD4254E4C32004A9B58 /* HistoryViewController.swift */; };
		49FDFADD254E5514004A9B58 /* APIDataProviderProtocol.swift in Sources */ = {isa = PBXBuildFile; fileRef = 49FDFADC254E5514004A9B58 /* APIDataProviderProtocol.swift */; };
		49FDFAE5254E5D88004A9B58 /* APIDataProtocol.swift in Sources */ = {isa = PBXBuildFile; fileRef = 49FDFAE4254E5D88004A9B58 /* APIDataProtocol.swift */; };
		49FDFAEB254E5FA4004A9B58 /* APIOnlineProvider.swift in Sources */ = {isa = PBXBuildFile; fileRef = 49FDFAEA254E5FA4004A9B58 /* APIOnlineProvider.swift */; };
		49FDFAF3254E677F004A9B58 /* MainPageViewModel.swift in Sources */ = {isa = PBXBuildFile; fileRef = 49FDFAF2254E677E004A9B58 /* MainPageViewModel.swift */; };
/* End PBXBuildFile section */

/* Begin PBXContainerItemProxy section */
		49F914A0254E462500414911 /* PBXContainerItemProxy */ = {
			isa = PBXContainerItemProxy;
			containerPortal = 49F9147E254E462400414911 /* Project object */;
			proxyType = 1;
			remoteGlobalIDString = 49F91485254E462400414911;
			remoteInfo = Demo;
		};
		49F914AB254E462500414911 /* PBXContainerItemProxy */ = {
			isa = PBXContainerItemProxy;
			containerPortal = 49F9147E254E462400414911 /* Project object */;
			proxyType = 1;
			remoteGlobalIDString = 49F91485254E462400414911;
			remoteInfo = Demo;
		};
/* End PBXContainerItemProxy section */

/* Begin PBXFileReference section */
		498D1024254E6E0400717337 /* APIResult.swift */ = {isa = PBXFileReference; lastKnownFileType = sourcecode.swift; path = APIResult.swift; sourceTree = "<group>"; };
		498D1029254E727500717337 /* APIItem.swift */ = {isa = PBXFileReference; lastKnownFileType = sourcecode.swift; path = APIItem.swift; sourceTree = "<group>"; };
		498D1031254EA45D00717337 /* ResultTableViewCell.swift */ = {isa = PBXFileReference; lastKnownFileType = sourcecode.swift; path = ResultTableViewCell.swift; sourceTree = "<group>"; };
		498D1032254EA45D00717337 /* ResultTableViewCell.xib */ = {isa = PBXFileReference; lastKnownFileType = file.xib; path = ResultTableViewCell.xib; sourceTree = "<group>"; };
		49F91486254E462400414911 /* Demo.app */ = {isa = PBXFileReference; explicitFileType = wrapper.application; includeInIndex = 0; path = Demo.app; sourceTree = BUILT_PRODUCTS_DIR; };
		49F91489254E462400414911 /* AppDelegate.swift */ = {isa = PBXFileReference; lastKnownFileType = sourcecode.swift; path = AppDelegate.swift; sourceTree = "<group>"; };
		49F9148B254E462400414911 /* SceneDelegate.swift */ = {isa = PBXFileReference; lastKnownFileType = sourcecode.swift; path = SceneDelegate.swift; sourceTree = "<group>"; };
		49F9148D254E462400414911 /* MainViewController.swift */ = {isa = PBXFileReference; lastKnownFileType = sourcecode.swift; path = MainViewController.swift; sourceTree = "<group>"; };
		49F91490254E462400414911 /* Base */ = {isa = PBXFileReference; lastKnownFileType = file.storyboard; name = Base; path = Base.lproj/Main.storyboard; sourceTree = "<group>"; };
		49F91493254E462400414911 /* Demo.xcdatamodel */ = {isa = PBXFileReference; lastKnownFileType = wrapper.xcdatamodel; path = Demo.xcdatamodel; sourceTree = "<group>"; };
		49F91495254E462500414911 /* Assets.xcassets */ = {isa = PBXFileReference; lastKnownFileType = folder.assetcatalog; path = Assets.xcassets; sourceTree = "<group>"; };
		49F91498254E462500414911 /* Base */ = {isa = PBXFileReference; lastKnownFileType = file.storyboard; name = Base; path = Base.lproj/LaunchScreen.storyboard; sourceTree = "<group>"; };
		49F9149A254E462500414911 /* Info.plist */ = {isa = PBXFileReference; lastKnownFileType = text.plist.xml; path = Info.plist; sourceTree = "<group>"; };
		49F9149F254E462500414911 /* DemoTests.xctest */ = {isa = PBXFileReference; explicitFileType = wrapper.cfbundle; includeInIndex = 0; path = DemoTests.xctest; sourceTree = BUILT_PRODUCTS_DIR; };
		49F914A3254E462500414911 /* DemoTests.swift */ = {isa = PBXFileReference; lastKnownFileType = sourcecode.swift; path = DemoTests.swift; sourceTree = "<group>"; };
		49F914A5254E462500414911 /* Info.plist */ = {isa = PBXFileReference; lastKnownFileType = text.plist.xml; path = Info.plist; sourceTree = "<group>"; };
		49F914AA254E462500414911 /* DemoUITests.xctest */ = {isa = PBXFileReference; explicitFileType = wrapper.cfbundle; includeInIndex = 0; path = DemoUITests.xctest; sourceTree = BUILT_PRODUCTS_DIR; };
		49F914AE254E462500414911 /* DemoUITests.swift */ = {isa = PBXFileReference; lastKnownFileType = sourcecode.swift; path = DemoUITests.swift; sourceTree = "<group>"; };
		49F914B0254E462500414911 /* Info.plist */ = {isa = PBXFileReference; lastKnownFileType = text.plist.xml; path = Info.plist; sourceTree = "<group>"; };
		49FDFAD4254E4C32004A9B58 /* HistoryViewController.swift */ = {isa = PBXFileReference; lastKnownFileType = sourcecode.swift; path = HistoryViewController.swift; sourceTree = "<group>"; };
		49FDFADC254E5514004A9B58 /* APIDataProviderProtocol.swift */ = {isa = PBXFileReference; lastKnownFileType = sourcecode.swift; path = APIDataProviderProtocol.swift; sourceTree = "<group>"; };
		49FDFAE4254E5D88004A9B58 /* APIDataProtocol.swift */ = {isa = PBXFileReference; lastKnownFileType = sourcecode.swift; path = APIDataProtocol.swift; sourceTree = "<group>"; };
		49FDFAEA254E5FA4004A9B58 /* APIOnlineProvider.swift */ = {isa = PBXFileReference; lastKnownFileType = sourcecode.swift; path = APIOnlineProvider.swift; sourceTree = "<group>"; };
		49FDFAF2254E677E004A9B58 /* MainPageViewModel.swift */ = {isa = PBXFileReference; lastKnownFileType = sourcecode.swift; path = MainPageViewModel.swift; sourceTree = "<group>"; };
/* End PBXFileReference section */

/* Begin PBXFrameworksBuildPhase section */
		49F91483254E462400414911 /* Frameworks */ = {
			isa = PBXFrameworksBuildPhase;
			buildActionMask = 2147483647;
			files = (
			);
			runOnlyForDeploymentPostprocessing = 0;
		};
		49F9149C254E462500414911 /* Frameworks */ = {
			isa = PBXFrameworksBuildPhase;
			buildActionMask = 2147483647;
			files = (
			);
			runOnlyForDeploymentPostprocessing = 0;
		};
		49F914A7254E462500414911 /* Frameworks */ = {
			isa = PBXFrameworksBuildPhase;
			buildActionMask = 2147483647;
			files = (
			);
			runOnlyForDeploymentPostprocessing = 0;
		};
/* End PBXFrameworksBuildPhase section */

/* Begin PBXGroup section */
		49F9147D254E462400414911 = {
			isa = PBXGroup;
			children = (
				49F91488254E462400414911 /* Demo */,
				49F914A2254E462500414911 /* DemoTests */,
				49F914AD254E462500414911 /* DemoUITests */,
				49F91487254E462400414911 /* Products */,
			);
			sourceTree = "<group>";
		};
		49F91487254E462400414911 /* Products */ = {
			isa = PBXGroup;
			children = (
				49F91486254E462400414911 /* Demo.app */,
				49F9149F254E462500414911 /* DemoTests.xctest */,
				49F914AA254E462500414911 /* DemoUITests.xctest */,
			);
			name = Products;
			sourceTree = "<group>";
		};
		49F91488254E462400414911 /* Demo */ = {
			isa = PBXGroup;
			children = (
				49F914C2254E475B00414911 /* UI */,
				49FDFAD0254E4A52004A9B58 /* Components */,
				49FDFAD1254E4ADB004A9B58 /* AppConfigs */,
				49F91495254E462500414911 /* Assets.xcassets */,
				49F9149A254E462500414911 /* Info.plist */,
			);
			path = Demo;
			sourceTree = "<group>";
		};
		49F914A2254E462500414911 /* DemoTests */ = {
			isa = PBXGroup;
			children = (
				49F914A3254E462500414911 /* DemoTests.swift */,
				49F914A5254E462500414911 /* Info.plist */,
			);
			path = DemoTests;
			sourceTree = "<group>";
		};
		49F914AD254E462500414911 /* DemoUITests */ = {
			isa = PBXGroup;
			children = (
				49F914AE254E462500414911 /* DemoUITests.swift */,
				49F914B0254E462500414911 /* Info.plist */,
			);
			path = DemoUITests;
			sourceTree = "<group>";
		};
		49F914C2254E475B00414911 /* UI */ = {
			isa = PBXGroup;
			children = (
				49FDFADC254E5514004A9B58 /* APIDataProviderProtocol.swift */,
				49FDFAE4254E5D88004A9B58 /* APIDataProtocol.swift */,
				49F9148F254E462400414911 /* Main.storyboard */,
				49FDFAD2254E4BC1004A9B58 /* MainPage */,
				49FDFAD3254E4BD5004A9B58 /* HistoryPage */,
			);
			path = UI;
			sourceTree = "<group>";
		};
		49FDFAD0254E4A52004A9B58 /* Components */ = {
			isa = PBXGroup;
			children = (
				49FDFAE9254E5EE1004A9B58 /* GithubAPI */,
			);
			path = Components;
			sourceTree = "<group>";
		};
		49FDFAD1254E4ADB004A9B58 /* AppConfigs */ = {
			isa = PBXGroup;
			children = (
				49F91497254E462500414911 /* LaunchScreen.storyboard */,
				49F91492254E462400414911 /* Demo.xcdatamodeld */,
				49F91489254E462400414911 /* AppDelegate.swift */,
				49F9148B254E462400414911 /* SceneDelegate.swift */,
			);
			path = AppConfigs;
			sourceTree = "<group>";
		};
		49FDFAD2254E4BC1004A9B58 /* MainPage */ = {
			isa = PBXGroup;
			children = (
				49F9148D254E462400414911 /* MainViewController.swift */,
				49FDFAF2254E677E004A9B58 /* MainPageViewModel.swift */,
				498D1031254EA45D00717337 /* ResultTableViewCell.swift */,
				498D1032254EA45D00717337 /* ResultTableViewCell.xib */,
			);
			path = MainPage;
			sourceTree = "<group>";
		};
		49FDFAD3254E4BD5004A9B58 /* HistoryPage */ = {
			isa = PBXGroup;
			children = (
				49FDFAD4254E4C32004A9B58 /* HistoryViewController.swift */,
			);
			path = HistoryPage;
			sourceTree = "<group>";
		};
		49FDFAE9254E5EE1004A9B58 /* GithubAPI */ = {
			isa = PBXGroup;
			children = (
				49FDFAEA254E5FA4004A9B58 /* APIOnlineProvider.swift */,
				498D1024254E6E0400717337 /* APIResult.swift */,
				498D1029254E727500717337 /* APIItem.swift */,
			);
			path = GithubAPI;
			sourceTree = "<group>";
		};
/* End PBXGroup section */

/* Begin PBXNativeTarget section */
		49F91485254E462400414911 /* Demo */ = {
			isa = PBXNativeTarget;
			buildConfigurationList = 49F914B3254E462500414911 /* Build configuration list for PBXNativeTarget "Demo" */;
			buildPhases = (
				49F91482254E462400414911 /* Sources */,
				49F91483254E462400414911 /* Frameworks */,
				49F91484254E462400414911 /* Resources */,
			);
			buildRules = (
			);
			dependencies = (
			);
			name = Demo;
			productName = Demo;
			productReference = 49F91486254E462400414911 /* Demo.app */;
			productType = "com.apple.product-type.application";
		};
		49F9149E254E462500414911 /* DemoTests */ = {
			isa = PBXNativeTarget;
			buildConfigurationList = 49F914B6254E462500414911 /* Build configuration list for PBXNativeTarget "DemoTests" */;
			buildPhases = (
				49F9149B254E462500414911 /* Sources */,
				49F9149C254E462500414911 /* Frameworks */,
				49F9149D254E462500414911 /* Resources */,
			);
			buildRules = (
			);
			dependencies = (
				49F914A1254E462500414911 /* PBXTargetDependency */,
			);
			name = DemoTests;
			productName = DemoTests;
			productReference = 49F9149F254E462500414911 /* DemoTests.xctest */;
			productType = "com.apple.product-type.bundle.unit-test";
		};
		49F914A9254E462500414911 /* DemoUITests */ = {
			isa = PBXNativeTarget;
			buildConfigurationList = 49F914B9254E462500414911 /* Build configuration list for PBXNativeTarget "DemoUITests" */;
			buildPhases = (
				49F914A6254E462500414911 /* Sources */,
				49F914A7254E462500414911 /* Frameworks */,
				49F914A8254E462500414911 /* Resources */,
			);
			buildRules = (
			);
			dependencies = (
				49F914AC254E462500414911 /* PBXTargetDependency */,
			);
			name = DemoUITests;
			productName = DemoUITests;
			productReference = 49F914AA254E462500414911 /* DemoUITests.xctest */;
			productType = "com.apple.product-type.bundle.ui-testing";
		};
/* End PBXNativeTarget section */

/* Begin PBXProject section */
		49F9147E254E462400414911 /* Project object */ = {
			isa = PBXProject;
			attributes = {
				LastSwiftUpdateCheck = 1210;
				LastUpgradeCheck = 1210;
				TargetAttributes = {
					49F91485254E462400414911 = {
						CreatedOnToolsVersion = 12.1;
					};
					49F9149E254E462500414911 = {
						CreatedOnToolsVersion = 12.1;
						TestTargetID = 49F91485254E462400414911;
					};
					49F914A9254E462500414911 = {
						CreatedOnToolsVersion = 12.1;
						TestTargetID = 49F91485254E462400414911;
					};
				};
			};
			buildConfigurationList = 49F91481254E462400414911 /* Build configuration list for PBXProject "Demo" */;
			compatibilityVersion = "Xcode 9.3";
			developmentRegion = en;
			hasScannedForEncodings = 0;
			knownRegions = (
				en,
				Base,
			);
			mainGroup = 49F9147D254E462400414911;
			productRefGroup = 49F91487254E462400414911 /* Products */;
			projectDirPath = "";
			projectRoot = "";
			targets = (
				49F91485254E462400414911 /* Demo */,
				49F9149E254E462500414911 /* DemoTests */,
				49F914A9254E462500414911 /* DemoUITests */,
			);
		};
/* End PBXProject section */

/* Begin PBXResourcesBuildPhase section */
		49F91484254E462400414911 /* Resources */ = {
			isa = PBXResourcesBuildPhase;
			buildActionMask = 2147483647;
			files = (
				49F91499254E462500414911 /* LaunchScreen.storyboard in Resources */,
				49F91496254E462500414911 /* Assets.xcassets in Resources */,
				498D1034254EA45D00717337 /* ResultTableViewCell.xib in Resources */,
				49F91491254E462400414911 /* Main.storyboard in Resources */,
			);
			runOnlyForDeploymentPostprocessing = 0;
		};
		49F9149D254E462500414911 /* Resources */ = {
			isa = PBXResourcesBuildPhase;
			buildActionMask = 2147483647;
			files = (
			);
			runOnlyForDeploymentPostprocessing = 0;
		};
		49F914A8254E462500414911 /* Resources */ = {
			isa = PBXResourcesBuildPhase;
			buildActionMask = 2147483647;
			files = (
			);
			runOnlyForDeploymentPostprocessing = 0;
		};
/* End PBXResourcesBuildPhase section */

/* Begin PBXSourcesBuildPhase section */
		49F91482254E462400414911 /* Sources */ = {
			isa = PBXSourcesBuildPhase;
			buildActionMask = 2147483647;
			files = (
				49F9148E254E462400414911 /* MainViewController.swift in Sources */,
				49F9148A254E462400414911 /* AppDelegate.swift in Sources */,
				49F91494254E462400414911 /* Demo.xcdatamodeld in Sources */,
				49FDFADD254E5514004A9B58 /* APIDataProviderProtocol.swift in Sources */,
				49FDFAEB254E5FA4004A9B58 /* APIOnlineProvider.swift in Sources */,
				498D1025254E6E0400717337 /* APIResult.swift in Sources */,
				49FDFAD5254E4C32004A9B58 /* HistoryViewController.swift in Sources */,
				49FDFAF3254E677F004A9B58 /* MainPageViewModel.swift in Sources */,
				49F9148C254E462400414911 /* SceneDelegate.swift in Sources */,
				49FDFAE5254E5D88004A9B58 /* APIDataProtocol.swift in Sources */,
				498D1033254EA45D00717337 /* ResultTableViewCell.swift in Sources */,
				498D102A254E727500717337 /* APIItem.swift in Sources */,
			);
			runOnlyForDeploymentPostprocessing = 0;
		};
		49F9149B254E462500414911 /* Sources */ = {
			isa = PBXSourcesBuildPhase;
			buildActionMask = 2147483647;
			files = (
				49F914A4254E462500414911 /* DemoTests.swift in Sources */,
			);
			runOnlyForDeploymentPostprocessing = 0;
		};
		49F914A6254E462500414911 /* Sources */ = {
			isa = PBXSourcesBuildPhase;
			buildActionMask = 2147483647;
			files = (
				49F914AF254E462500414911 /* DemoUITests.swift in Sources */,
			);
			runOnlyForDeploymentPostprocessing = 0;
		};
/* End PBXSourcesBuildPhase section */

/* Begin PBXTargetDependency section */
		49F914A1254E462500414911 /* PBXTargetDependency */ = {
			isa = PBXTargetDependency;
			target = 49F91485254E462400414911 /* Demo */;
			targetProxy = 49F914A0254E462500414911 /* PBXContainerItemProxy */;
		};
		49F914AC254E462500414911 /* PBXTargetDependency */ = {
			isa = PBXTargetDependency;
			target = 49F91485254E462400414911 /* Demo */;
			targetProxy = 49F914AB254E462500414911 /* PBXContainerItemProxy */;
		};
/* End PBXTargetDependency section */

/* Begin PBXVariantGroup section */
		49F9148F254E462400414911 /* Main.storyboard */ = {
			isa = PBXVariantGroup;
			children = (
				49F91490254E462400414911 /* Base */,
			);
			name = Main.storyboard;
			sourceTree = "<group>";
		};
		49F91497254E462500414911 /* LaunchScreen.storyboard */ = {
			isa = PBXVariantGroup;
			children = (
				49F91498254E462500414911 /* Base */,
			);
			name = LaunchScreen.storyboard;
			sourceTree = "<group>";
		};
/* End PBXVariantGroup section */

/* Begin XCBuildConfiguration section */
		49F914B1254E462500414911 /* Debug */ = {
			isa = XCBuildConfiguration;
			buildSettings = {
				ALWAYS_SEARCH_USER_PATHS = NO;
				CLANG_ANALYZER_NONNULL = YES;
				CLANG_ANALYZER_NUMBER_OBJECT_CONVERSION = YES_AGGRESSIVE;
				CLANG_CXX_LANGUAGE_STANDARD = "gnu++14";
				CLANG_CXX_LIBRARY = "libc++";
				CLANG_ENABLE_MODULES = YES;
				CLANG_ENABLE_OBJC_ARC = YES;
				CLANG_ENABLE_OBJC_WEAK = YES;
				CLANG_WARN_BLOCK_CAPTURE_AUTORELEASING = YES;
				CLANG_WARN_BOOL_CONVERSION = YES;
				CLANG_WARN_COMMA = YES;
				CLANG_WARN_CONSTANT_CONVERSION = YES;
				CLANG_WARN_DEPRECATED_OBJC_IMPLEMENTATIONS = YES;
				CLANG_WARN_DIRECT_OBJC_ISA_USAGE = YES_ERROR;
				CLANG_WARN_DOCUMENTATION_COMMENTS = YES;
				CLANG_WARN_EMPTY_BODY = YES;
				CLANG_WARN_ENUM_CONVERSION = YES;
				CLANG_WARN_INFINITE_RECURSION = YES;
				CLANG_WARN_INT_CONVERSION = YES;
				CLANG_WARN_NON_LITERAL_NULL_CONVERSION = YES;
				CLANG_WARN_OBJC_IMPLICIT_RETAIN_SELF = YES;
				CLANG_WARN_OBJC_LITERAL_CONVERSION = YES;
				CLANG_WARN_OBJC_ROOT_CLASS = YES_ERROR;
				CLANG_WARN_QUOTED_INCLUDE_IN_FRAMEWORK_HEADER = YES;
				CLANG_WARN_RANGE_LOOP_ANALYSIS = YES;
				CLANG_WARN_STRICT_PROTOTYPES = YES;
				CLANG_WARN_SUSPICIOUS_MOVE = YES;
				CLANG_WARN_UNGUARDED_AVAILABILITY = YES_AGGRESSIVE;
				CLANG_WARN_UNREACHABLE_CODE = YES;
				CLANG_WARN__DUPLICATE_METHOD_MATCH = YES;
				COPY_PHASE_STRIP = NO;
				DEBUG_INFORMATION_FORMAT = dwarf;
				ENABLE_STRICT_OBJC_MSGSEND = YES;
				ENABLE_TESTABILITY = YES;
				GCC_C_LANGUAGE_STANDARD = gnu11;
				GCC_DYNAMIC_NO_PIC = NO;
				GCC_NO_COMMON_BLOCKS = YES;
				GCC_OPTIMIZATION_LEVEL = 0;
				GCC_PREPROCESSOR_DEFINITIONS = (
					"DEBUG=1",
					"$(inherited)",
				);
				GCC_WARN_64_TO_32_BIT_CONVERSION = YES;
				GCC_WARN_ABOUT_RETURN_TYPE = YES_ERROR;
				GCC_WARN_UNDECLARED_SELECTOR = YES;
				GCC_WARN_UNINITIALIZED_AUTOS = YES_AGGRESSIVE;
				GCC_WARN_UNUSED_FUNCTION = YES;
				GCC_WARN_UNUSED_VARIABLE = YES;
				IPHONEOS_DEPLOYMENT_TARGET = 14.1;
				MTL_ENABLE_DEBUG_INFO = INCLUDE_SOURCE;
				MTL_FAST_MATH = YES;
				ONLY_ACTIVE_ARCH = YES;
				SDKROOT = iphoneos;
				SWIFT_ACTIVE_COMPILATION_CONDITIONS = DEBUG;
				SWIFT_OPTIMIZATION_LEVEL = "-Onone";
			};
			name = Debug;
		};
		49F914B2254E462500414911 /* Release */ = {
			isa = XCBuildConfiguration;
			buildSettings = {
				ALWAYS_SEARCH_USER_PATHS = NO;
				CLANG_ANALYZER_NONNULL = YES;
				CLANG_ANALYZER_NUMBER_OBJECT_CONVERSION = YES_AGGRESSIVE;
				CLANG_CXX_LANGUAGE_STANDARD = "gnu++14";
				CLANG_CXX_LIBRARY = "libc++";
				CLANG_ENABLE_MODULES = YES;
				CLANG_ENABLE_OBJC_ARC = YES;
				CLANG_ENABLE_OBJC_WEAK = YES;
				CLANG_WARN_BLOCK_CAPTURE_AUTORELEASING = YES;
				CLANG_WARN_BOOL_CONVERSION = YES;
				CLANG_WARN_COMMA = YES;
				CLANG_WARN_CONSTANT_CONVERSION = YES;
				CLANG_WARN_DEPRECATED_OBJC_IMPLEMENTATIONS = YES;
				CLANG_WARN_DIRECT_OBJC_ISA_USAGE = YES_ERROR;
				CLANG_WARN_DOCUMENTATION_COMMENTS = YES;
				CLANG_WARN_EMPTY_BODY = YES;
				CLANG_WARN_ENUM_CONVERSION = YES;
				CLANG_WARN_INFINITE_RECURSION = YES;
				CLANG_WARN_INT_CONVERSION = YES;
				CLANG_WARN_NON_LITERAL_NULL_CONVERSION = YES;
				CLANG_WARN_OBJC_IMPLICIT_RETAIN_SELF = YES;
				CLANG_WARN_OBJC_LITERAL_CONVERSION = YES;
				CLANG_WARN_OBJC_ROOT_CLASS = YES_ERROR;
				CLANG_WARN_QUOTED_INCLUDE_IN_FRAMEWORK_HEADER = YES;
				CLANG_WARN_RANGE_LOOP_ANALYSIS = YES;
				CLANG_WARN_STRICT_PROTOTYPES = YES;
				CLANG_WARN_SUSPICIOUS_MOVE = YES;
				CLANG_WARN_UNGUARDED_AVAILABILITY = YES_AGGRESSIVE;
				CLANG_WARN_UNREACHABLE_CODE = YES;
				CLANG_WARN__DUPLICATE_METHOD_MATCH = YES;
				COPY_PHASE_STRIP = NO;
				DEBUG_INFORMATION_FORMAT = "dwarf-with-dsym";
				ENABLE_NS_ASSERTIONS = NO;
				ENABLE_STRICT_OBJC_MSGSEND = YES;
				GCC_C_LANGUAGE_STANDARD = gnu11;
				GCC_NO_COMMON_BLOCKS = YES;
				GCC_WARN_64_TO_32_BIT_CONVERSION = YES;
				GCC_WARN_ABOUT_RETURN_TYPE = YES_ERROR;
				GCC_WARN_UNDECLARED_SELECTOR = YES;
				GCC_WARN_UNINITIALIZED_AUTOS = YES_AGGRESSIVE;
				GCC_WARN_UNUSED_FUNCTION = YES;
				GCC_WARN_UNUSED_VARIABLE = YES;
				IPHONEOS_DEPLOYMENT_TARGET = 14.1;
				MTL_ENABLE_DEBUG_INFO = NO;
				MTL_FAST_MATH = YES;
				SDKROOT = iphoneos;
				SWIFT_COMPILATION_MODE = wholemodule;
				SWIFT_OPTIMIZATION_LEVEL = "-O";
				VALIDATE_PRODUCT = YES;
			};
			name = Release;
		};
		49F914B4254E462500414911 /* Debug */ = {
			isa = XCBuildConfiguration;
			buildSettings = {
				ASSETCATALOG_COMPILER_APPICON_NAME = AppIcon;
				ASSETCATALOG_COMPILER_GLOBAL_ACCENT_COLOR_NAME = AccentColor;
				CODE_SIGN_STYLE = Automatic;
				INFOPLIST_FILE = Demo/Info.plist;
				LD_RUNPATH_SEARCH_PATHS = (
					"$(inherited)",
					"@executable_path/Frameworks",
				);
				PRODUCT_BUNDLE_IDENTIFIER = gy.Demo;
				PRODUCT_NAME = "$(TARGET_NAME)";
				SWIFT_VERSION = 5.0;
				TARGETED_DEVICE_FAMILY = 1;
			};
			name = Debug;
		};
		49F914B5254E462500414911 /* Release */ = {
			isa = XCBuildConfiguration;
			buildSettings = {
				ASSETCATALOG_COMPILER_APPICON_NAME = AppIcon;
				ASSETCATALOG_COMPILER_GLOBAL_ACCENT_COLOR_NAME = AccentColor;
				CODE_SIGN_STYLE = Automatic;
				INFOPLIST_FILE = Demo/Info.plist;
				LD_RUNPATH_SEARCH_PATHS = (
					"$(inherited)",
					"@executable_path/Frameworks",
				);
				PRODUCT_BUNDLE_IDENTIFIER = gy.Demo;
				PRODUCT_NAME = "$(TARGET_NAME)";
				SWIFT_VERSION = 5.0;
				TARGETED_DEVICE_FAMILY = 1;
			};
			name = Release;
		};
		49F914B7254E462500414911 /* Debug */ = {
			isa = XCBuildConfiguration;
			buildSettings = {
				ALWAYS_EMBED_SWIFT_STANDARD_LIBRARIES = YES;
				BUNDLE_LOADER = "$(TEST_HOST)";
				CODE_SIGN_STYLE = Automatic;
				INFOPLIST_FILE = DemoTests/Info.plist;
				IPHONEOS_DEPLOYMENT_TARGET = 14.1;
				LD_RUNPATH_SEARCH_PATHS = (
					"$(inherited)",
					"@executable_path/Frameworks",
					"@loader_path/Frameworks",
				);
				PRODUCT_BUNDLE_IDENTIFIER = gy.DemoTests;
				PRODUCT_NAME = "$(TARGET_NAME)";
				SWIFT_VERSION = 5.0;
				TARGETED_DEVICE_FAMILY = "1,2";
				TEST_HOST = "$(BUILT_PRODUCTS_DIR)/Demo.app/Demo";
			};
			name = Debug;
		};
		49F914B8254E462500414911 /* Release */ = {
			isa = XCBuildConfiguration;
			buildSettings = {
				ALWAYS_EMBED_SWIFT_STANDARD_LIBRARIES = YES;
				BUNDLE_LOADER = "$(TEST_HOST)";
				CODE_SIGN_STYLE = Automatic;
				INFOPLIST_FILE = DemoTests/Info.plist;
				IPHONEOS_DEPLOYMENT_TARGET = 14.1;
				LD_RUNPATH_SEARCH_PATHS = (
					"$(inherited)",
					"@executable_path/Frameworks",
					"@loader_path/Frameworks",
				);
				PRODUCT_BUNDLE_IDENTIFIER = gy.DemoTests;
				PRODUCT_NAME = "$(TARGET_NAME)";
				SWIFT_VERSION = 5.0;
				TARGETED_DEVICE_FAMILY = "1,2";
				TEST_HOST = "$(BUILT_PRODUCTS_DIR)/Demo.app/Demo";
			};
			name = Release;
		};
		49F914BA254E462500414911 /* Debug */ = {
			isa = XCBuildConfiguration;
			buildSettings = {
				ALWAYS_EMBED_SWIFT_STANDARD_LIBRARIES = YES;
				CODE_SIGN_STYLE = Automatic;
				INFOPLIST_FILE = DemoUITests/Info.plist;
				LD_RUNPATH_SEARCH_PATHS = (
					"$(inherited)",
					"@executable_path/Frameworks",
					"@loader_path/Frameworks",
				);
				PRODUCT_BUNDLE_IDENTIFIER = gy.DemoUITests;
				PRODUCT_NAME = "$(TARGET_NAME)";
				SWIFT_VERSION = 5.0;
				TARGETED_DEVICE_FAMILY = "1,2";
				TEST_TARGET_NAME = Demo;
			};
			name = Debug;
		};
		49F914BB254E462500414911 /* Release */ = {
			isa = XCBuildConfiguration;
			buildSettings = {
				ALWAYS_EMBED_SWIFT_STANDARD_LIBRARIES = YES;
				CODE_SIGN_STYLE = Automatic;
				INFOPLIST_FILE = DemoUITests/Info.plist;
				LD_RUNPATH_SEARCH_PATHS = (
					"$(inherited)",
					"@executable_path/Frameworks",
					"@loader_path/Frameworks",
				);
				PRODUCT_BUNDLE_IDENTIFIER = gy.DemoUITests;
				PRODUCT_NAME = "$(TARGET_NAME)";
				SWIFT_VERSION = 5.0;
				TARGETED_DEVICE_FAMILY = "1,2";
				TEST_TARGET_NAME = Demo;
			};
			name = Release;
		};
/* End XCBuildConfiguration section */

/* Begin XCConfigurationList section */
		49F91481254E462400414911 /* Build configuration list for PBXProject "Demo" */ = {
			isa = XCConfigurationList;
			buildConfigurations = (
				49F914B1254E462500414911 /* Debug */,
				49F914B2254E462500414911 /* Release */,
			);
			defaultConfigurationIsVisible = 0;
			defaultConfigurationName = Release;
		};
		49F914B3254E462500414911 /* Build configuration list for PBXNativeTarget "Demo" */ = {
			isa = XCConfigurationList;
			buildConfigurations = (
				49F914B4254E462500414911 /* Debug */,
				49F914B5254E462500414911 /* Release */,
			);
			defaultConfigurationIsVisible = 0;
			defaultConfigurationName = Release;
		};
		49F914B6254E462500414911 /* Build configuration list for PBXNativeTarget "DemoTests" */ = {
			isa = XCConfigurationList;
			buildConfigurations = (
				49F914B7254E462500414911 /* Debug */,
				49F914B8254E462500414911 /* Release */,
			);
			defaultConfigurationIsVisible = 0;
			defaultConfigurationName = Release;
		};
		49F914B9254E462500414911 /* Build configuration list for PBXNativeTarget "DemoUITests" */ = {
			isa = XCConfigurationList;
			buildConfigurations = (
				49F914BA254E462500414911 /* Debug */,
				49F914BB254E462500414911 /* Release */,
			);
			defaultConfigurationIsVisible = 0;
			defaultConfigurationName = Release;
		};
/* End XCConfigurationList section */

/* Begin XCVersionGroup section */
		49F91492254E462400414911 /* Demo.xcdatamodeld */ = {
			isa = XCVersionGroup;
			children = (
				49F91493254E462400414911 /* Demo.xcdatamodel */,
			);
			currentVersion = 49F91493254E462400414911 /* Demo.xcdatamodel */;
			path = Demo.xcdatamodeld;
			sourceTree = "<group>";
			versionGroupType = wrapper.xcdatamodel;
		};
/* End XCVersionGroup section */
	};
	rootObject = 49F9147E254E462400414911 /* Project object */;
}
